{
  "name": "React-App",
  "lockfileVersion": 3,
  "requires": true,
  "packages": {
    "": {
      "dependencies": {
        "@remix-run/router": "^1.6.1"
      }
    },
    "node_modules/@remix-run/router": {
      "version": "1.6.1",
      "resolved": "https://registry.npmjs.org/@remix-run/router/-/router-1.6.1.tgz",
      "integrity": "sha512-YUkWj+xs0oOzBe74OgErsuR3wVn+efrFhXBWrit50kOiED+pvQe2r6MWY0iJMQU/mSVKxvNzL4ZaYvjdX+G7ZA==",
      "engines": {
        "node": ">=14"
      }
    }
  }
}
